
Microsoft Visual Studio Solution File, Format Version 12.00
# Visual Studio 2012
Project("{FAE04EC0-301F-11D3-BF4B-00C04F79EFBC}") = "exp1", "exp1\exp1.csproj", "{BBED2FF0-E02A-4E06-8193-7FA432A435FB}"
EndProject
Global
	GlobalSection(SolutionConfigurationPlatforms) = preSolution
		Debug|Any CPU = Debug|Any CPU
		Release|Any CPU = Release|Any CPU
	EndGlobalSection
	GlobalSection(ProjectConfigurationPlatforms) = postSolution
		{BBED2FF0-E02A-4E06-8193-7FA432A435FB}.Debug|Any CPU.ActiveCfg = Debug|Any CPU
		{BBED2FF0-E02A-4E06-8193-7FA432A435FB}.Debug|Any CPU.Build.0 = Debug|Any CPU
		{BBED2FF0-E02A-4E06-8193-7FA432A435FB}.Release|Any CPU.ActiveCfg = Release|Any CPU
		{BBED2FF0-E02A-4E06-8193-7FA432A435FB}.Release|Any CPU.Build.0 = Release|Any CPU
	EndGlobalSection
	GlobalSection(SolutionProperties) = preSolution
		HideSolutionNode = FALSE
	EndGlobalSection
EndGlobal
